
Microsoft Visual Studio Solution File, Format Version 12.00
# Visual Studio Version 16
VisualStudioVersion = 16.0.30309.148
MinimumVisualStudioVersion = 10.0.40219.1
Project("{2150E333-8FDC-42A3-9474-1A3956D46DE8}") = "WinForm", "WinForm", "{DBD385FD-7D9B-4D0E-B8A2-65F4717B1E12}"
EndProject
Project("{FAE04EC0-301F-11D3-BF4B-00C04F79EFBC}") = "SequenceIntToBigint", "SequenceIntToBigint\SequenceIntToBigint.csproj", "{A8B2EB01-C2C4-4305-8374-57C4CE93E394}"
EndProject
Global
	GlobalSection(SolutionConfigurationPlatforms) = preSolution
		Debug|Any CPU = Debug|Any CPU
		Release|Any CPU = Release|Any CPU
	EndGlobalSection
	GlobalSection(ProjectConfigurationPlatforms) = postSolution
		{A8B2EB01-C2C4-4305-8374-57C4CE93E394}.Debug|Any CPU.ActiveCfg = Debug|Any CPU
		{A8B2EB01-C2C4-4305-8374-57C4CE93E394}.Debug|Any CPU.Build.0 = Debug|Any CPU
		{A8B2EB01-C2C4-4305-8374-57C4CE93E394}.Release|Any CPU.ActiveCfg = Release|Any CPU
		{A8B2EB01-C2C4-4305-8374-57C4CE93E394}.Release|Any CPU.Build.0 = Release|Any CPU
	EndGlobalSection
	GlobalSection(SolutionProperties) = preSolution
		HideSolutionNode = FALSE
	EndGlobalSection
	GlobalSection(NestedProjects) = preSolution
		{A8B2EB01-C2C4-4305-8374-57C4CE93E394} = {DBD385FD-7D9B-4D0E-B8A2-65F4717B1E12}
	EndGlobalSection
	GlobalSection(ExtensibilityGlobals) = postSolution
		SolutionGuid = {DF70E13D-DB64-4F6D-B00E-ED7AE2D439DE}
	EndGlobalSection
EndGlobal
